github.com/RiseUpAndGO/protos v0.0.1 h1:w1ap3qEY0yj1mjjfi//2A/NJEqFVxjIRNNlImkgpPck=
github.com/RiseUpAndGO/protos v0.0.1/go.mod h1:bqLMCUatw0WD0pxBAYMwGveEddp4GJUo6nP/YxQJXuE=
github.com/RiseUpAndGO/protos v0.0.2 h1:cNrmStIM5wyVC/rLoSi6BG8SEIRXDrewTE+aTn0bDpQ=
github.com/RiseUpAndGO/protos v0.0.2/go.mod h1:bqLMCUatw0WD0pxBAYMwGveEddp4GJUo6nP/YxQJXuE=
